
Microsoft Visual Studio Solution File, Format Version 11.00
# Visual Studio 2010
Project("{8BC9CEB8-8B4A-11D0-8D11-00A0C91BC942}") = "Lab02 (8)", "Lab02 (8)\Lab02 (8).vcxproj", "{98EBF217-86C0-4919-B66D-2E22A6545E81}"
EndProject
Global
	GlobalSection(SolutionConfigurationPlatforms) = preSolution
		Debug|Win32 = Debug|Win32
		Release|Win32 = Release|Win32
	EndGlobalSection
	GlobalSection(ProjectConfigurationPlatforms) = postSolution
		{98EBF217-86C0-4919-B66D-2E22A6545E81}.Debug|Win32.ActiveCfg = Debug|Win32
		{98EBF217-86C0-4919-B66D-2E22A6545E81}.Debug|Win32.Build.0 = Debug|Win32
		{98EBF217-86C0-4919-B66D-2E22A6545E81}.Release|Win32.ActiveCfg = Release|Win32
		{98EBF217-86C0-4919-B66D-2E22A6545E81}.Release|Win32.Build.0 = Release|Win32
	EndGlobalSection
	GlobalSection(SolutionProperties) = preSolution
		HideSolutionNode = FALSE
	EndGlobalSection
EndGlobal
