
Microsoft Visual Studio Solution File, Format Version 11.00
# Visual Studio 2010
Project("{F184B08F-C81C-45F6-A57F-5ABD9991F28F}") = "ProgressBarDemo", "ProgressBarDemo\ProgressBarDemo.vbproj", "{FFD42DD3-1CAC-4AF5-8381-A053EC086EDB}"
EndProject
Global
	GlobalSection(SolutionConfigurationPlatforms) = preSolution
		Debug|x86 = Debug|x86
		Release|x86 = Release|x86
	EndGlobalSection
	GlobalSection(ProjectConfigurationPlatforms) = postSolution
		{FFD42DD3-1CAC-4AF5-8381-A053EC086EDB}.Debug|x86.ActiveCfg = Debug|x86
		{FFD42DD3-1CAC-4AF5-8381-A053EC086EDB}.Debug|x86.Build.0 = Debug|x86
		{FFD42DD3-1CAC-4AF5-8381-A053EC086EDB}.Release|x86.ActiveCfg = Release|x86
		{FFD42DD3-1CAC-4AF5-8381-A053EC086EDB}.Release|x86.Build.0 = Release|x86
	EndGlobalSection
	GlobalSection(SolutionProperties) = preSolution
		HideSolutionNode = FALSE
	EndGlobalSection
EndGlobal
