
Microsoft Visual Studio Solution File, Format Version 11.00
# Visual Studio 2010
Project("{F184B08F-C81C-45F6-A57F-5ABD9991F28F}") = "CollectionsDemo", "CollectionsDemo\CollectionsDemo.vbproj", "{DB024DE8-FFCB-40A8-B92A-63E87EDE83A5}"
EndProject
Global
	GlobalSection(SolutionConfigurationPlatforms) = preSolution
		Debug|x86 = Debug|x86
		Release|x86 = Release|x86
	EndGlobalSection
	GlobalSection(ProjectConfigurationPlatforms) = postSolution
		{DB024DE8-FFCB-40A8-B92A-63E87EDE83A5}.Debug|x86.ActiveCfg = Debug|x86
		{DB024DE8-FFCB-40A8-B92A-63E87EDE83A5}.Debug|x86.Build.0 = Debug|x86
		{DB024DE8-FFCB-40A8-B92A-63E87EDE83A5}.Release|x86.ActiveCfg = Release|x86
		{DB024DE8-FFCB-40A8-B92A-63E87EDE83A5}.Release|x86.Build.0 = Release|x86
	EndGlobalSection
	GlobalSection(SolutionProperties) = preSolution
		HideSolutionNode = FALSE
	EndGlobalSection
EndGlobal
